
Microsoft Visual Studio Solution File, Format Version 12.00
# Visual Studio Version 16
VisualStudioVersion = 16.0.29001.49
MinimumVisualStudioVersion = 10.0.40219.1
Project("{FAE04EC0-301F-11D3-BF4B-00C04F79EFBC}") = "playgrounds", "playgrounds\playgrounds.csproj", "{F2630E72-DAE1-4677-B4F5-865F8E7DE64D}"
EndProject
Global
	GlobalSection(SolutionConfigurationPlatforms) = preSolution
		Debug|Any CPU = Debug|Any CPU
		Release|Any CPU = Release|Any CPU
	EndGlobalSection
	GlobalSection(ProjectConfigurationPlatforms) = postSolution
		{F2630E72-DAE1-4677-B4F5-865F8E7DE64D}.Debug|Any CPU.ActiveCfg = Debug|Any CPU
		{F2630E72-DAE1-4677-B4F5-865F8E7DE64D}.Debug|Any CPU.Build.0 = Debug|Any CPU
		{F2630E72-DAE1-4677-B4F5-865F8E7DE64D}.Release|Any CPU.ActiveCfg = Release|Any CPU
		{F2630E72-DAE1-4677-B4F5-865F8E7DE64D}.Release|Any CPU.Build.0 = Release|Any CPU
	EndGlobalSection
	GlobalSection(SolutionProperties) = preSolution
		HideSolutionNode = FALSE
	EndGlobalSection
	GlobalSection(ExtensibilityGlobals) = postSolution
		SolutionGuid = {913BD7E6-DA14-4078-BF2A-7C415D7E92E2}
	EndGlobalSection
EndGlobal
